
Microsoft Visual Studio Solution File, Format Version 12.00
# Visual Studio Version 17
VisualStudioVersion = 17.12.35707.178
MinimumVisualStudioVersion = 10.0.40219.1
Project("{FAE04EC0-301F-11D3-BF4B-00C04F79EFBC}") = "ApiPublica", "ApiPublica.csproj", "{E508897D-80A1-4FDD-96AF-362610F81AA4}"
EndProject
Project("{2150E333-8FDC-42A3-9474-1A3956D46DE8}") = "1. Services", "1. Services", "{7F9D2C68-D30E-4D71-BEE4-6CF03D3C9C5B}"
EndProject
Project("{2150E333-8FDC-42A3-9474-1A3956D46DE8}") = "Apis", "Apis", "{CDA5B183-7BEF-446A-9951-4E8F70CD33CE}"
EndProject
Project("{2150E333-8FDC-42A3-9474-1A3956D46DE8}") = "2. Bussines", "2. Bussines", "{E3747377-A10F-40E4-BADB-CC718639A33C}"
EndProject
Project("{2150E333-8FDC-42A3-9474-1A3956D46DE8}") = "3. Data", "3. Data", "{70D67150-CB55-4843-A2D6-4A1AE13F821F}"
EndProject
Project("{2150E333-8FDC-42A3-9474-1A3956D46DE8}") = "4. Transversal", "4. Transversal", "{B3B29BF2-578E-4F5B-BA6C-D3F9B539EF8B}"
EndProject
Project("{FAE04EC0-301F-11D3-BF4B-00C04F79EFBC}") = "Bussines", "..\Bussines\Bussines.csproj", "{D5E0A920-5D52-4720-BDC3-864164F9F533}"
EndProject
Project("{FAE04EC0-301F-11D3-BF4B-00C04F79EFBC}") = "Interfaces.Bussines", "..\Interfaces.Bussines\Interfaces.Bussines.csproj", "{F387396C-AD90-47DE-87A0-AA37310D738E}"
EndProject
Project("{FAE04EC0-301F-11D3-BF4B-00C04F79EFBC}") = "DataAccess", "..\DataAcces\DataAccess.csproj", "{F43B546B-C12A-4098-9AF1-F30AEDAEA85A}"
EndProject
Project("{FAE04EC0-301F-11D3-BF4B-00C04F79EFBC}") = "Interfaces.DataAccess", "..\Interfaces.DataAccess\Interfaces.DataAccess.csproj", "{AE1A2BF9-B9FF-43F1-9DB9-257D0F3245FA}"
EndProject
Project("{FAE04EC0-301F-11D3-BF4B-00C04F79EFBC}") = "Entities", "..\Entities\Entities.csproj", "{46DE1ACA-17A4-4AE3-A90B-A55AEC04169D}"
EndProject
Project("{FAE04EC0-301F-11D3-BF4B-00C04F79EFBC}") = "MethodsParameters", "..\MethodsParameters\MethodsParameters.csproj", "{591C6251-8E2D-4FE5-BAF3-B48097B10801}"
EndProject
Project("{FAE04EC0-301F-11D3-BF4B-00C04F79EFBC}") = "ApiPrincipal", "..\ApiPrincipal\ApiPrincipal.csproj", "{DE8D1D08-9458-4ED5-AE6B-014E370AEA01}"
EndProject
Global
	GlobalSection(SolutionConfigurationPlatforms) = preSolution
		Debug|Any CPU = Debug|Any CPU
		Release|Any CPU = Release|Any CPU
	EndGlobalSection
	GlobalSection(ProjectConfigurationPlatforms) = postSolution
		{E508897D-80A1-4FDD-96AF-362610F81AA4}.Debug|Any CPU.ActiveCfg = Debug|Any CPU
		{E508897D-80A1-4FDD-96AF-362610F81AA4}.Debug|Any CPU.Build.0 = Debug|Any CPU
		{E508897D-80A1-4FDD-96AF-362610F81AA4}.Release|Any CPU.ActiveCfg = Release|Any CPU
		{E508897D-80A1-4FDD-96AF-362610F81AA4}.Release|Any CPU.Build.0 = Release|Any CPU
		{D5E0A920-5D52-4720-BDC3-864164F9F533}.Debug|Any CPU.ActiveCfg = Debug|Any CPU
		{D5E0A920-5D52-4720-BDC3-864164F9F533}.Debug|Any CPU.Build.0 = Debug|Any CPU
		{D5E0A920-5D52-4720-BDC3-864164F9F533}.Release|Any CPU.ActiveCfg = Release|Any CPU
		{D5E0A920-5D52-4720-BDC3-864164F9F533}.Release|Any CPU.Build.0 = Release|Any CPU
		{F387396C-AD90-47DE-87A0-AA37310D738E}.Debug|Any CPU.ActiveCfg = Debug|Any CPU
		{F387396C-AD90-47DE-87A0-AA37310D738E}.Debug|Any CPU.Build.0 = Debug|Any CPU
		{F387396C-AD90-47DE-87A0-AA37310D738E}.Release|Any CPU.ActiveCfg = Release|Any CPU
		{F387396C-AD90-47DE-87A0-AA37310D738E}.Release|Any CPU.Build.0 = Release|Any CPU
		{F43B546B-C12A-4098-9AF1-F30AEDAEA85A}.Debug|Any CPU.ActiveCfg = Debug|Any CPU
		{F43B546B-C12A-4098-9AF1-F30AEDAEA85A}.Debug|Any CPU.Build.0 = Debug|Any CPU
		{F43B546B-C12A-4098-9AF1-F30AEDAEA85A}.Release|Any CPU.ActiveCfg = Release|Any CPU
		{F43B546B-C12A-4098-9AF1-F30AEDAEA85A}.Release|Any CPU.Build.0 = Release|Any CPU
		{AE1A2BF9-B9FF-43F1-9DB9-257D0F3245FA}.Debug|Any CPU.ActiveCfg = Debug|Any CPU
		{AE1A2BF9-B9FF-43F1-9DB9-257D0F3245FA}.Debug|Any CPU.Build.0 = Debug|Any CPU
		{AE1A2BF9-B9FF-43F1-9DB9-257D0F3245FA}.Release|Any CPU.ActiveCfg = Release|Any CPU
		{AE1A2BF9-B9FF-43F1-9DB9-257D0F3245FA}.Release|Any CPU.Build.0 = Release|Any CPU
		{46DE1ACA-17A4-4AE3-A90B-A55AEC04169D}.Debug|Any CPU.ActiveCfg = Debug|Any CPU
		{46DE1ACA-17A4-4AE3-A90B-A55AEC04169D}.Debug|Any CPU.Build.0 = Debug|Any CPU
		{46DE1ACA-17A4-4AE3-A90B-A55AEC04169D}.Release|Any CPU.ActiveCfg = Release|Any CPU
		{46DE1ACA-17A4-4AE3-A90B-A55AEC04169D}.Release|Any CPU.Build.0 = Release|Any CPU
		{591C6251-8E2D-4FE5-BAF3-B48097B10801}.Debug|Any CPU.ActiveCfg = Debug|Any CPU
		{591C6251-8E2D-4FE5-BAF3-B48097B10801}.Debug|Any CPU.Build.0 = Debug|Any CPU
		{591C6251-8E2D-4FE5-BAF3-B48097B10801}.Release|Any CPU.ActiveCfg = Release|Any CPU
		{591C6251-8E2D-4FE5-BAF3-B48097B10801}.Release|Any CPU.Build.0 = Release|Any CPU
		{DE8D1D08-9458-4ED5-AE6B-014E370AEA01}.Debug|Any CPU.ActiveCfg = Debug|Any CPU
		{DE8D1D08-9458-4ED5-AE6B-014E370AEA01}.Debug|Any CPU.Build.0 = Debug|Any CPU
		{DE8D1D08-9458-4ED5-AE6B-014E370AEA01}.Release|Any CPU.ActiveCfg = Release|Any CPU
		{DE8D1D08-9458-4ED5-AE6B-014E370AEA01}.Release|Any CPU.Build.0 = Release|Any CPU
	EndGlobalSection
	GlobalSection(SolutionProperties) = preSolution
		HideSolutionNode = FALSE
	EndGlobalSection
	GlobalSection(NestedProjects) = preSolution
		{E508897D-80A1-4FDD-96AF-362610F81AA4} = {CDA5B183-7BEF-446A-9951-4E8F70CD33CE}
		{CDA5B183-7BEF-446A-9951-4E8F70CD33CE} = {7F9D2C68-D30E-4D71-BEE4-6CF03D3C9C5B}
		{D5E0A920-5D52-4720-BDC3-864164F9F533} = {E3747377-A10F-40E4-BADB-CC718639A33C}
		{F387396C-AD90-47DE-87A0-AA37310D738E} = {E3747377-A10F-40E4-BADB-CC718639A33C}
		{F43B546B-C12A-4098-9AF1-F30AEDAEA85A} = {70D67150-CB55-4843-A2D6-4A1AE13F821F}
		{AE1A2BF9-B9FF-43F1-9DB9-257D0F3245FA} = {70D67150-CB55-4843-A2D6-4A1AE13F821F}
		{46DE1ACA-17A4-4AE3-A90B-A55AEC04169D} = {B3B29BF2-578E-4F5B-BA6C-D3F9B539EF8B}
		{591C6251-8E2D-4FE5-BAF3-B48097B10801} = {B3B29BF2-578E-4F5B-BA6C-D3F9B539EF8B}
		{DE8D1D08-9458-4ED5-AE6B-014E370AEA01} = {CDA5B183-7BEF-446A-9951-4E8F70CD33CE}
	EndGlobalSection
EndGlobal
